<?xml version="1.0" encoding="utf-8"?>
<Project ToolsVersion="4.0" xmlns="http://schemas.microsoft.com/developer/msbuild/2003">
  <ItemGroup>
    <Filter Include="Code">
      <UniqueIdentifier>{00d9d526-ea3b-4701-b5c4-a81b441e6d9d}</UniqueIdentifier>
    </Filter>
    <Filter Include="API">
      <UniqueIdentifier>{1e6b55f4-7599-4dca-b85d-30346460b8e5}</UniqueIdentifier>
    </Filter>
  </ItemGroup>
  <ItemGroup>
    <ClCompile Include="Code\DLLTestPluginDllMain.cpp">
      <Filter>Code</Filter>
    </ClCompile>
    <ClCompile Include="Code\DLLTestPluginClass.cpp">
      <Filter>Code</Filter>
    </ClCompile>
  </ItemGroup>
  <ItemGroup>
    <ClInclude Include="Code\DLLTestPluginForceInclude.h">
      <Filter>Code</Filter>
    </ClInclude>
    <ClInclude Include="API\DLLTestPluginClass.h">
      <Filter>API</Filter>
    </ClInclude>
  </ItemGroup>
</Project>